// !$*UTF8*$!
{
	archiveVersion = 1;
	classes = {
	};
	objectVersion = 50;
	objects = {

/* Begin PBXBuildFile section */
		4BA3CFB321A6DA6E003358E6 /* AppDelegate.swift in Sources */ = {isa = PBXBuildFile; fileRef = 4BA3CFB221A6DA6E003358E6 /* AppDelegate.swift */; };
		4BA3CFB821A6DA6E003358E6 /* Main.storyboard in Resources */ = {isa = PBXBuildFile; fileRef = 4BA3CFB621A6DA6E003358E6 /* Main.storyboard */; };
		4BA3CFBA21A6DA6F003358E6 /* Assets.xcassets in Resources */ = {isa = PBXBuildFile; fileRef = 4BA3CFB921A6DA6F003358E6 /* Assets.xcassets */; };
		4BA3CFBD21A6DA6F003358E6 /* LaunchScreen.storyboard in Resources */ = {isa = PBXBuildFile; fileRef = 4BA3CFBB21A6DA6F003358E6 /* LaunchScreen.storyboard */; };
		9D06DDBB21CEA32C0006E676 /* UICollectionView+dequeueReusableCell.swift in Sources */ = {isa = PBXBuildFile; fileRef = 9D06DDBA21CEA32C0006E676 /* UICollectionView+dequeueReusableCell.swift */; };
		9D110BA521B5E91200AB0A36 /* TrombiAPI.swift in Sources */ = {isa = PBXBuildFile; fileRef = 9D110BA421B5E91200AB0A36 /* TrombiAPI.swift */; };
		9D12825A234129C100261AB6 /* EmployeeSearchTableViewCell.xib in Resources */ = {isa = PBXBuildFile; fileRef = 9D128258234129C000261AB6 /* EmployeeSearchTableViewCell.xib */; };
		9D12825B234129C100261AB6 /* EmployeeSearchTableViewCell.swift in Sources */ = {isa = PBXBuildFile; fileRef = 9D128259234129C100261AB6 /* EmployeeSearchTableViewCell.swift */; };
		9D15A8DE22BFE0FF007E1C73 /* EmployeesCollectionViewHeader.xib in Resources */ = {isa = PBXBuildFile; fileRef = 9D15A8DD22BFE0FF007E1C73 /* EmployeesCollectionViewHeader.xib */; };
		9D1C06B12308642600D20470 /* JSONDecoder+TrombiAPI.swift in Sources */ = {isa = PBXBuildFile; fileRef = 9D1C06B02308642600D20470 /* JSONDecoder+TrombiAPI.swift */; };
		9D1D067621C9950A00B2A56A /* EmployeeSearchViewController.swift in Sources */ = {isa = PBXBuildFile; fileRef = 9D1D067521C9950A00B2A56A /* EmployeeSearchViewController.swift */; };
		9D2071D823B1481800082181 /* UsefulLinks.storyboard in Resources */ = {isa = PBXBuildFile; fileRef = 9D2071D723B1481800082181 /* UsefulLinks.storyboard */; };
		9D2071DC23B1484A00082181 /* UsefulLinksViewViewModel.swift in Sources */ = {isa = PBXBuildFile; fileRef = 9D2071DB23B1484A00082181 /* UsefulLinksViewViewModel.swift */; };
		9D2071DE23B1487600082181 /* UsefulLinksViewController.swift in Sources */ = {isa = PBXBuildFile; fileRef = 9D2071DD23B1487600082181 /* UsefulLinksViewController.swift */; };
		9D3967B421CEE07A0087CEA7 /* UIColor+Trombi.swift in Sources */ = {isa = PBXBuildFile; fileRef = 9D3967B321CEE07A0087CEA7 /* UIColor+Trombi.swift */; };
		9D3967B821CEE12E0087CEA7 /* UIColor+Convenience.swift in Sources */ = {isa = PBXBuildFile; fileRef = 9D3967B721CEE12E0087CEA7 /* UIColor+Convenience.swift */; };
		9D3D0C40233FBA2A00CF2590 /* TrombiSearchBar.swift in Sources */ = {isa = PBXBuildFile; fileRef = 9D3D0C3F233FBA2A00CF2590 /* TrombiSearchBar.swift */; };
		9D3D0C42233FC7E000CF2590 /* TrombiSearchBarController.swift in Sources */ = {isa = PBXBuildFile; fileRef = 9D3D0C41233FC7E000CF2590 /* TrombiSearchBarController.swift */; };
		9D5278C623A652E300C9C8DC /* UserDefaults+Trombi.swift in Sources */ = {isa = PBXBuildFile; fileRef = 9D5278C523A652E300C9C8DC /* UserDefaults+Trombi.swift */; };
		9D52BAF721F1FF5700962C4D /* LayoutInfo.swift in Sources */ = {isa = PBXBuildFile; fileRef = 9D52BAF321F1FF5700962C4D /* LayoutInfo.swift */; };
		9D52BAF821F1FF5700962C4D /* LayoutAlignment.swift in Sources */ = {isa = PBXBuildFile; fileRef = 9D52BAF421F1FF5700962C4D /* LayoutAlignment.swift */; };
		9D52BAF921F1FF5700962C4D /* TagCellLayoutDelegate.swift in Sources */ = {isa = PBXBuildFile; fileRef = 9D52BAF521F1FF5700962C4D /* TagCellLayoutDelegate.swift */; };
		9D52BAFA21F1FF5700962C4D /* TagCellLayout.swift in Sources */ = {isa = PBXBuildFile; fileRef = 9D52BAF621F1FF5700962C4D /* TagCellLayout.swift */; };
		9D52BB2721F2036F00962C4D /* FiltersPresentationController.swift in Sources */ = {isa = PBXBuildFile; fileRef = 9D52BB0421F2036F00962C4D /* FiltersPresentationController.swift */; };
		9D52BB2821F2036F00962C4D /* FiltersPresentTransitionAnimation.swift in Sources */ = {isa = PBXBuildFile; fileRef = 9D52BB0521F2036F00962C4D /* FiltersPresentTransitionAnimation.swift */; };
		9D52BB2F21F2036F00962C4D /* FiltersCollectionViewHeader.xib in Resources */ = {isa = PBXBuildFile; fileRef = 9D52BB1021F2036F00962C4D /* FiltersCollectionViewHeader.xib */; };
		9D52BB3321F2036F00962C4D /* FiltersViewController.swift in Sources */ = {isa = PBXBuildFile; fileRef = 9D52BB1421F2036F00962C4D /* FiltersViewController.swift */; };
		9D52BB3921F2036F00962C4D /* FiltersPanelViewController.swift in Sources */ = {isa = PBXBuildFile; fileRef = 9D52BB1D21F2036F00962C4D /* FiltersPanelViewController.swift */; };
		9D5429E023AFE4AA000C3721 /* Stack.swift in Sources */ = {isa = PBXBuildFile; fileRef = 9D5429DF23AFE4AA000C3721 /* Stack.swift */; };
		9D55DF5821C9205C009A983F /* EmployeeCollectionViewCell.swift in Sources */ = {isa = PBXBuildFile; fileRef = 9D55DF5621C9205C009A983F /* EmployeeCollectionViewCell.swift */; };
		9D55DF5921C9205C009A983F /* EmployeeCollectionViewCell.xib in Resources */ = {isa = PBXBuildFile; fileRef = 9D55DF5721C9205C009A983F /* EmployeeCollectionViewCell.xib */; };
		9D59316223119668004448A2 /* SearchViewController.swift in Sources */ = {isa = PBXBuildFile; fileRef = 9D59316123119668004448A2 /* SearchViewController.swift */; };
		9D59316423119699004448A2 /* SearchViewViewModel.swift in Sources */ = {isa = PBXBuildFile; fileRef = 9D59316323119699004448A2 /* SearchViewViewModel.swift */; };
		9D5931662311A11D004448A2 /* Search.storyboard in Resources */ = {isa = PBXBuildFile; fileRef = 9D5931652311A11D004448A2 /* Search.storyboard */; };
		9D69B62022A5B6F1008ED9B5 /* EmployeeSectionModel.swift in Sources */ = {isa = PBXBuildFile; fileRef = 9D69B61F22A5B6F1008ED9B5 /* EmployeeSectionModel.swift */; };
		9D83E3172235774A0042DC0B /* CircleView.swift in Sources */ = {isa = PBXBuildFile; fileRef = 9D83E3162235774A0042DC0B /* CircleView.swift */; };
		9D8E92E521F35A6F004B8E9E /* UIView+RoundCorners.swift in Sources */ = {isa = PBXBuildFile; fileRef = 9D8E92E421F35A6F004B8E9E /* UIView+RoundCorners.swift */; };
		9D8E92E921F38197004B8E9E /* FiltersViewViewModel.swift in Sources */ = {isa = PBXBuildFile; fileRef = 9D8E92E821F38197004B8E9E /* FiltersViewViewModel.swift */; };
		9D8E92EE21F3CDC2004B8E9E /* DepartmentTagCollectionViewCell.swift in Sources */ = {isa = PBXBuildFile; fileRef = 9D8E92EC21F3CDC2004B8E9E /* DepartmentTagCollectionViewCell.swift */; };
		9D8E92EF21F3CDC2004B8E9E /* DepartmentTagCollectionViewCell.xib in Resources */ = {isa = PBXBuildFile; fileRef = 9D8E92ED21F3CDC2004B8E9E /* DepartmentTagCollectionViewCell.xib */; };
		9D92F22E2228A187005C605B /* TrombiTopRoundedView.swift in Sources */ = {isa = PBXBuildFile; fileRef = 9D92F22D2228A187005C605B /* TrombiTopRoundedView.swift */; };
		9D9E7775236795FF0075FD25 /* SearchService.swift in Sources */ = {isa = PBXBuildFile; fileRef = 9D9E7774236795FF0075FD25 /* SearchService.swift */; };
		9DA1BBB223A66DCF0032E6CD /* LastSearchTableViewCell.swift in Sources */ = {isa = PBXBuildFile; fileRef = 9DA1BBB023A66DCF0032E6CD /* LastSearchTableViewCell.swift */; };
		9DA1BBB323A66DCF0032E6CD /* LastSearchTableViewCell.xib in Resources */ = {isa = PBXBuildFile; fileRef = 9DA1BBB123A66DCF0032E6CD /* LastSearchTableViewCell.xib */; };
		9DAC757621BC3C7800BA791D /* MainTabBarViewController.swift in Sources */ = {isa = PBXBuildFile; fileRef = 9DAC757521BC3C7800BA791D /* MainTabBarViewController.swift */; };
		9DAC757821BC3C9700BA791D /* Home.storyboard in Resources */ = {isa = PBXBuildFile; fileRef = 9DAC757721BC3C9700BA791D /* Home.storyboard */; };
		9DAC757C21BC409400BA791D /* UIViewController+Storyboards.swift in Sources */ = {isa = PBXBuildFile; fileRef = 9DAC757A21BC409400BA791D /* UIViewController+Storyboards.swift */; };
		9DAC757D21BC409400BA791D /* UIStoryboard+StoryboardsList.swift in Sources */ = {isa = PBXBuildFile; fileRef = 9DAC757B21BC409400BA791D /* UIStoryboard+StoryboardsList.swift */; };
		9DAC758121BC453500BA791D /* ReusableView.swift in Sources */ = {isa = PBXBuildFile; fileRef = 9DAC758021BC453500BA791D /* ReusableView.swift */; };
		9DAC758321BC458900BA791D /* UITableView+dequeueReusableCell.swift in Sources */ = {isa = PBXBuildFile; fileRef = 9DAC758221BC458900BA791D /* UITableView+dequeueReusableCell.swift */; };
		9DAC758A21BC4B3000BA791D /* HomeViewViewModel.swift in Sources */ = {isa = PBXBuildFile; fileRef = 9DAC758921BC4B3000BA791D /* HomeViewViewModel.swift */; };
		9DAC758C21BC4C2F00BA791D /* MainTabBarViewViewModel.swift in Sources */ = {isa = PBXBuildFile; fileRef = 9DAC758B21BC4C2F00BA791D /* MainTabBarViewViewModel.swift */; };
		9DAC759721BC6B0600BA791D /* ApplicationData.swift in Sources */ = {isa = PBXBuildFile; fileRef = 9DAC759621BC6B0600BA791D /* ApplicationData.swift */; };
		9DAFB58C21B332CC0038C680 /* UsefulLink.swift in Sources */ = {isa = PBXBuildFile; fileRef = 9DAFB58921B332CC0038C680 /* UsefulLink.swift */; };
		9DAFB58D21B332CC0038C680 /* Employee.swift in Sources */ = {isa = PBXBuildFile; fileRef = 9DAFB58A21B332CC0038C680 /* Employee.swift */; };
		9DAFB58E21B332CC0038C680 /* Team.swift in Sources */ = {isa = PBXBuildFile; fileRef = 9DAFB58B21B332CC0038C680 /* Team.swift */; };
		9DBA8CA521D2640A009FF7B5 /* UIFont+Trombi.swift in Sources */ = {isa = PBXBuildFile; fileRef = 9DBA8CA421D2640A009FF7B5 /* UIFont+Trombi.swift */; };
		9DC2835522103EEF0024263A /* EmployeeProfileViewController.swift in Sources */ = {isa = PBXBuildFile; fileRef = 9DC2835422103EEF0024263A /* EmployeeProfileViewController.swift */; };
		9DC28358221041B80024263A /* UserInfoTableViewCell.swift in Sources */ = {isa = PBXBuildFile; fileRef = 9DC28356221041B80024263A /* UserInfoTableViewCell.swift */; };
		9DC28359221041B80024263A /* UserInfoTableViewCell.xib in Resources */ = {isa = PBXBuildFile; fileRef = 9DC28357221041B80024263A /* UserInfoTableViewCell.xib */; };
		9DCF1FD321FD09BA00605CB3 /* OtherTagCollectionViewCell.swift in Sources */ = {isa = PBXBuildFile; fileRef = 9DCF1FD121FD09BA00605CB3 /* OtherTagCollectionViewCell.swift */; };
		9DCF1FD421FD09BA00605CB3 /* OtherTagCollectionViewCell.xib in Resources */ = {isa = PBXBuildFile; fileRef = 9DCF1FD221FD09BA00605CB3 /* OtherTagCollectionViewCell.xib */; };
		9DE90CCD21A9FB5400AF8DF3 /* TrombiApiRequests.swift in Sources */ = {isa = PBXBuildFile; fileRef = 9DE90CCC21A9FB5400AF8DF3 /* TrombiApiRequests.swift */; };
		9DEEF2ED21D2693B00509063 /* Muli-Bold.ttf in Resources */ = {isa = PBXBuildFile; fileRef = 9D29BBFE21D2604000EDBCA0 /* Muli-Bold.ttf */; };
		9DEEF2EE21D2693E00509063 /* Muli-ExtraBold.ttf in Resources */ = {isa = PBXBuildFile; fileRef = 9D29BBFD21D2604000EDBCA0 /* Muli-ExtraBold.ttf */; };
		9DEEF2EF21D2694000509063 /* Muli-SemiBold.ttf in Resources */ = {isa = PBXBuildFile; fileRef = 9D29BBFF21D2604000EDBCA0 /* Muli-SemiBold.ttf */; };
		9DF0A5842214C3E700358A3E /* TagCellViewModel.swift in Sources */ = {isa = PBXBuildFile; fileRef = 9DF0A5832214C3E700358A3E /* TagCellViewModel.swift */; };
		9DF9590921B2F74E005F024E /* HomeViewController.swift in Sources */ = {isa = PBXBuildFile; fileRef = 9DF9590821B2F74E005F024E /* HomeViewController.swift */; };
		9DFB774722292A9A00160540 /* CircleImageView.swift in Sources */ = {isa = PBXBuildFile; fileRef = 9DFB774622292A9A00160540 /* CircleImageView.swift */; };
		FE975D3EDB857291C4B33C91 /* libPods-Trombi.a in Frameworks */ = {isa = PBXBuildFile; fileRef = 52A3D3B164CBEE12469D7207 /* libPods-Trombi.a */; };
/* End PBXBuildFile section */

/* Begin PBXFileReference section */
		4BA3CFAF21A6DA6E003358E6 /* Trombi.app */ = {isa = PBXFileReference; explicitFileType = wrapper.application; includeInIndex = 0; path = Trombi.app; sourceTree = BUILT_PRODUCTS_DIR; };
		4BA3CFB221A6DA6E003358E6 /* AppDelegate.swift */ = {isa = PBXFileReference; lastKnownFileType = sourcecode.swift; path = AppDelegate.swift; sourceTree = "<group>"; };
		4BA3CFB721A6DA6E003358E6 /* Base */ = {isa = PBXFileReference; lastKnownFileType = file.storyboard; name = Base; path = Base.lproj/Main.storyboard; sourceTree = "<group>"; };
		4BA3CFB921A6DA6F003358E6 /* Assets.xcassets */ = {isa = PBXFileReference; lastKnownFileType = folder.assetcatalog; path = Assets.xcassets; sourceTree = "<group>"; };
		4BA3CFBC21A6DA6F003358E6 /* Base */ = {isa = PBXFileReference; lastKnownFileType = file.storyboard; name = Base; path = Base.lproj/LaunchScreen.storyboard; sourceTree = "<group>"; };
		4BA3CFBE21A6DA6F003358E6 /* Info.plist */ = {isa = PBXFileReference; lastKnownFileType = text.plist.xml; path = Info.plist; sourceTree = "<group>"; };
		52A3D3B164CBEE12469D7207 /* libPods-Trombi.a */ = {isa = PBXFileReference; explicitFileType = archive.ar; includeInIndex = 0; path = "libPods-Trombi.a"; sourceTree = BUILT_PRODUCTS_DIR; };
		9D06DDBA21CEA32C0006E676 /* UICollectionView+dequeueReusableCell.swift */ = {isa = PBXFileReference; lastKnownFileType = sourcecode.swift; path = "UICollectionView+dequeueReusableCell.swift"; sourceTree = "<group>"; };
		9D110BA421B5E91200AB0A36 /* TrombiAPI.swift */ = {isa = PBXFileReference; lastKnownFileType = sourcecode.swift; path = TrombiAPI.swift; sourceTree = "<group>"; };
		9D128258234129C000261AB6 /* EmployeeSearchTableViewCell.xib */ = {isa = PBXFileReference; fileEncoding = 4; lastKnownFileType = file.xib; path = EmployeeSearchTableViewCell.xib; sourceTree = "<group>"; };
		9D128259234129C100261AB6 /* EmployeeSearchTableViewCell.swift */ = {isa = PBXFileReference; fileEncoding = 4; lastKnownFileType = sourcecode.swift; path = EmployeeSearchTableViewCell.swift; sourceTree = "<group>"; };
		9D15A8DD22BFE0FF007E1C73 /* EmployeesCollectionViewHeader.xib */ = {isa = PBXFileReference; fileEncoding = 4; lastKnownFileType = file.xib; path = EmployeesCollectionViewHeader.xib; sourceTree = "<group>"; };
		9D1C06B02308642600D20470 /* JSONDecoder+TrombiAPI.swift */ = {isa = PBXFileReference; lastKnownFileType = sourcecode.swift; path = "JSONDecoder+TrombiAPI.swift"; sourceTree = "<group>"; };
		9D1D067521C9950A00B2A56A /* EmployeeSearchViewController.swift */ = {isa = PBXFileReference; lastKnownFileType = sourcecode.swift; path = EmployeeSearchViewController.swift; sourceTree = "<group>"; };
		9D2071D723B1481800082181 /* UsefulLinks.storyboard */ = {isa = PBXFileReference; lastKnownFileType = file.storyboard; path = UsefulLinks.storyboard; sourceTree = "<group>"; };
		9D2071DB23B1484A00082181 /* UsefulLinksViewViewModel.swift */ = {isa = PBXFileReference; lastKnownFileType = sourcecode.swift; path = UsefulLinksViewViewModel.swift; sourceTree = "<group>"; };
		9D2071DD23B1487600082181 /* UsefulLinksViewController.swift */ = {isa = PBXFileReference; lastKnownFileType = sourcecode.swift; path = UsefulLinksViewController.swift; sourceTree = "<group>"; };
		9D29BBFD21D2604000EDBCA0 /* Muli-ExtraBold.ttf */ = {isa = PBXFileReference; lastKnownFileType = file; path = "Muli-ExtraBold.ttf"; sourceTree = "<group>"; };
		9D29BBFE21D2604000EDBCA0 /* Muli-Bold.ttf */ = {isa = PBXFileReference; lastKnownFileType = file; path = "Muli-Bold.ttf"; sourceTree = "<group>"; };
		9D29BBFF21D2604000EDBCA0 /* Muli-SemiBold.ttf */ = {isa = PBXFileReference; lastKnownFileType = file; path = "Muli-SemiBold.ttf"; sourceTree = "<group>"; };
		9D3967B321CEE07A0087CEA7 /* UIColor+Trombi.swift */ = {isa = PBXFileReference; lastKnownFileType = sourcecode.swift; path = "UIColor+Trombi.swift"; sourceTree = "<group>"; };
		9D3967B721CEE12E0087CEA7 /* UIColor+Convenience.swift */ = {isa = PBXFileReference; lastKnownFileType = sourcecode.swift; path = "UIColor+Convenience.swift"; sourceTree = "<group>"; };
		9D3D0C3F233FBA2A00CF2590 /* TrombiSearchBar.swift */ = {isa = PBXFileReference; lastKnownFileType = sourcecode.swift; path = TrombiSearchBar.swift; sourceTree = "<group>"; };
		9D3D0C41233FC7E000CF2590 /* TrombiSearchBarController.swift */ = {isa = PBXFileReference; lastKnownFileType = sourcecode.swift; path = TrombiSearchBarController.swift; sourceTree = "<group>"; };
		9D5278C523A652E300C9C8DC /* UserDefaults+Trombi.swift */ = {isa = PBXFileReference; lastKnownFileType = sourcecode.swift; path = "UserDefaults+Trombi.swift"; sourceTree = "<group>"; };
		9D52BAF321F1FF5700962C4D /* LayoutInfo.swift */ = {isa = PBXFileReference; fileEncoding = 4; lastKnownFileType = sourcecode.swift; path = LayoutInfo.swift; sourceTree = "<group>"; };
		9D52BAF421F1FF5700962C4D /* LayoutAlignment.swift */ = {isa = PBXFileReference; fileEncoding = 4; lastKnownFileType = sourcecode.swift; path = LayoutAlignment.swift; sourceTree = "<group>"; };
		9D52BAF521F1FF5700962C4D /* TagCellLayoutDelegate.swift */ = {isa = PBXFileReference; fileEncoding = 4; lastKnownFileType = sourcecode.swift; path = TagCellLayoutDelegate.swift; sourceTree = "<group>"; };
		9D52BAF621F1FF5700962C4D /* TagCellLayout.swift */ = {isa = PBXFileReference; fileEncoding = 4; lastKnownFileType = sourcecode.swift; path = TagCellLayout.swift; sourceTree = "<group>"; };
		9D52BB0421F2036F00962C4D /* FiltersPresentationController.swift */ = {isa = PBXFileReference; fileEncoding = 4; lastKnownFileType = sourcecode.swift; path = FiltersPresentationController.swift; sourceTree = "<group>"; };
		9D52BB0521F2036F00962C4D /* FiltersPresentTransitionAnimation.swift */ = {isa = PBXFileReference; fileEncoding = 4; lastKnownFileType = sourcecode.swift; path = FiltersPresentTransitionAnimation.swift; sourceTree = "<group>"; };
		9D52BB1021F2036F00962C4D /* FiltersCollectionViewHeader.xib */ = {isa = PBXFileReference; fileEncoding = 4; lastKnownFileType = file.xib; path = FiltersCollectionViewHeader.xib; sourceTree = "<group>"; };
		9D52BB1421F2036F00962C4D /* FiltersViewController.swift */ = {isa = PBXFileReference; fileEncoding = 4; lastKnownFileType = sourcecode.swift; path = FiltersViewController.swift; sourceTree = "<group>"; };
		9D52BB1D21F2036F00962C4D /* FiltersPanelViewController.swift */ = {isa = PBXFileReference; fileEncoding = 4; lastKnownFileType = sourcecode.swift; path = FiltersPanelViewController.swift; sourceTree = "<group>"; };
		9D5429DF23AFE4AA000C3721 /* Stack.swift */ = {isa = PBXFileReference; lastKnownFileType = sourcecode.swift; path = Stack.swift; sourceTree = "<group>"; };
		9D55DF5621C9205C009A983F /* EmployeeCollectionViewCell.swift */ = {isa = PBXFileReference; lastKnownFileType = sourcecode.swift; path = EmployeeCollectionViewCell.swift; sourceTree = "<group>"; };
		9D55DF5721C9205C009A983F /* EmployeeCollectionViewCell.xib */ = {isa = PBXFileReference; lastKnownFileType = file.xib; path = EmployeeCollectionViewCell.xib; sourceTree = "<group>"; };
		9D59316123119668004448A2 /* SearchViewController.swift */ = {isa = PBXFileReference; lastKnownFileType = sourcecode.swift; path = SearchViewController.swift; sourceTree = "<group>"; };
		9D59316323119699004448A2 /* SearchViewViewModel.swift */ = {isa = PBXFileReference; lastKnownFileType = sourcecode.swift; path = SearchViewViewModel.swift; sourceTree = "<group>"; };
		9D5931652311A11D004448A2 /* Search.storyboard */ = {isa = PBXFileReference; lastKnownFileType = file.storyboard; path = Search.storyboard; sourceTree = "<group>"; };
		9D69B61F22A5B6F1008ED9B5 /* EmployeeSectionModel.swift */ = {isa = PBXFileReference; lastKnownFileType = sourcecode.swift; path = EmployeeSectionModel.swift; sourceTree = "<group>"; };
		9D83E3162235774A0042DC0B /* CircleView.swift */ = {isa = PBXFileReference; lastKnownFileType = sourcecode.swift; path = CircleView.swift; sourceTree = "<group>"; };
		9D8E92E421F35A6F004B8E9E /* UIView+RoundCorners.swift */ = {isa = PBXFileReference; lastKnownFileType = sourcecode.swift; path = "UIView+RoundCorners.swift"; sourceTree = "<group>"; };
		9D8E92E821F38197004B8E9E /* FiltersViewViewModel.swift */ = {isa = PBXFileReference; fileEncoding = 4; lastKnownFileType = sourcecode.swift; path = FiltersViewViewModel.swift; sourceTree = "<group>"; };
		9D8E92EC21F3CDC2004B8E9E /* DepartmentTagCollectionViewCell.swift */ = {isa = PBXFileReference; lastKnownFileType = sourcecode.swift; path = DepartmentTagCollectionViewCell.swift; sourceTree = "<group>"; };
		9D8E92ED21F3CDC2004B8E9E /* DepartmentTagCollectionViewCell.xib */ = {isa = PBXFileReference; lastKnownFileType = file.xib; path = DepartmentTagCollectionViewCell.xib; sourceTree = "<group>"; };
		9D92F22D2228A187005C605B /* TrombiTopRoundedView.swift */ = {isa = PBXFileReference; lastKnownFileType = sourcecode.swift; path = TrombiTopRoundedView.swift; sourceTree = "<group>"; };
		9D9E7774236795FF0075FD25 /* SearchService.swift */ = {isa = PBXFileReference; lastKnownFileType = sourcecode.swift; path = SearchService.swift; sourceTree = "<group>"; };
		9DA1BBB023A66DCF0032E6CD /* LastSearchTableViewCell.swift */ = {isa = PBXFileReference; lastKnownFileType = sourcecode.swift; path = LastSearchTableViewCell.swift; sourceTree = "<group>"; };
		9DA1BBB123A66DCF0032E6CD /* LastSearchTableViewCell.xib */ = {isa = PBXFileReference; lastKnownFileType = file.xib; path = LastSearchTableViewCell.xib; sourceTree = "<group>"; };
		9DAC757521BC3C7800BA791D /* MainTabBarViewController.swift */ = {isa = PBXFileReference; lastKnownFileType = sourcecode.swift; path = MainTabBarViewController.swift; sourceTree = "<group>"; };
		9DAC757721BC3C9700BA791D /* Home.storyboard */ = {isa = PBXFileReference; lastKnownFileType = file.storyboard; path = Home.storyboard; sourceTree = "<group>"; };
		9DAC757A21BC409400BA791D /* UIViewController+Storyboards.swift */ = {isa = PBXFileReference; fileEncoding = 4; lastKnownFileType = sourcecode.swift; path = "UIViewController+Storyboards.swift"; sourceTree = "<group>"; };
		9DAC757B21BC409400BA791D /* UIStoryboard+StoryboardsList.swift */ = {isa = PBXFileReference; fileEncoding = 4; lastKnownFileType = sourcecode.swift; path = "UIStoryboard+StoryboardsList.swift"; sourceTree = "<group>"; };
		9DAC758021BC453500BA791D /* ReusableView.swift */ = {isa = PBXFileReference; lastKnownFileType = sourcecode.swift; path = ReusableView.swift; sourceTree = "<group>"; };
		9DAC758221BC458900BA791D /* UITableView+dequeueReusableCell.swift */ = {isa = PBXFileReference; lastKnownFileType = sourcecode.swift; path = "UITableView+dequeueReusableCell.swift"; sourceTree = "<group>"; };
		9DAC758921BC4B3000BA791D /* HomeViewViewModel.swift */ = {isa = PBXFileReference; lastKnownFileType = sourcecode.swift; path = HomeViewViewModel.swift; sourceTree = "<group>"; };
		9DAC758B21BC4C2F00BA791D /* MainTabBarViewViewModel.swift */ = {isa = PBXFileReference; lastKnownFileType = sourcecode.swift; path = MainTabBarViewViewModel.swift; sourceTree = "<group>"; };
		9DAC759621BC6B0600BA791D /* ApplicationData.swift */ = {isa = PBXFileReference; lastKnownFileType = sourcecode.swift; path = ApplicationData.swift; sourceTree = "<group>"; };
		9DAFB58921B332CC0038C680 /* UsefulLink.swift */ = {isa = PBXFileReference; fileEncoding = 4; lastKnownFileType = sourcecode.swift; path = UsefulLink.swift; sourceTree = "<group>"; };
		9DAFB58A21B332CC0038C680 /* Employee.swift */ = {isa = PBXFileReference; fileEncoding = 4; lastKnownFileType = sourcecode.swift; path = Employee.swift; sourceTree = "<group>"; };
		9DAFB58B21B332CC0038C680 /* Team.swift */ = {isa = PBXFileReference; fileEncoding = 4; lastKnownFileType = sourcecode.swift; path = Team.swift; sourceTree = "<group>"; };
		9DBA8CA421D2640A009FF7B5 /* UIFont+Trombi.swift */ = {isa = PBXFileReference; lastKnownFileType = sourcecode.swift; path = "UIFont+Trombi.swift"; sourceTree = "<group>"; };
		9DC2835422103EEF0024263A /* EmployeeProfileViewController.swift */ = {isa = PBXFileReference; lastKnownFileType = sourcecode.swift; path = EmployeeProfileViewController.swift; sourceTree = "<group>"; };
		9DC28356221041B80024263A /* UserInfoTableViewCell.swift */ = {isa = PBXFileReference; lastKnownFileType = sourcecode.swift; path = UserInfoTableViewCell.swift; sourceTree = "<group>"; };
		9DC28357221041B80024263A /* UserInfoTableViewCell.xib */ = {isa = PBXFileReference; lastKnownFileType = file.xib; path = UserInfoTableViewCell.xib; sourceTree = "<group>"; };
		9DCF1FD121FD09BA00605CB3 /* OtherTagCollectionViewCell.swift */ = {isa = PBXFileReference; lastKnownFileType = sourcecode.swift; path = OtherTagCollectionViewCell.swift; sourceTree = "<group>"; };
		9DCF1FD221FD09BA00605CB3 /* OtherTagCollectionViewCell.xib */ = {isa = PBXFileReference; lastKnownFileType = file.xib; path = OtherTagCollectionViewCell.xib; sourceTree = "<group>"; };
		9DE90CCC21A9FB5400AF8DF3 /* TrombiApiRequests.swift */ = {isa = PBXFileReference; lastKnownFileType = sourcecode.swift; path = TrombiApiRequests.swift; sourceTree = "<group>"; };
		9DF0A5832214C3E700358A3E /* TagCellViewModel.swift */ = {isa = PBXFileReference; lastKnownFileType = sourcecode.swift; path = TagCellViewModel.swift; sourceTree = "<group>"; };
		9DF9590821B2F74E005F024E /* HomeViewController.swift */ = {isa = PBXFileReference; fileEncoding = 4; lastKnownFileType = sourcecode.swift; path = HomeViewController.swift; sourceTree = "<group>"; };
		9DFB774622292A9A00160540 /* CircleImageView.swift */ = {isa = PBXFileReference; lastKnownFileType = sourcecode.swift; path = CircleImageView.swift; sourceTree = "<group>"; };
		BBDA1B0C183DCF3EAE7FA4F1 /* Pods-Trombi.debug.xcconfig */ = {isa = PBXFileReference; includeInIndex = 1; lastKnownFileType = text.xcconfig; name = "Pods-Trombi.debug.xcconfig"; path = "Pods/Target Support Files/Pods-Trombi/Pods-Trombi.debug.xcconfig"; sourceTree = "<group>"; };
		E4FBF017B55BED3E63668F77 /* Pods-Trombi.release.xcconfig */ = {isa = PBXFileReference; includeInIndex = 1; lastKnownFileType = text.xcconfig; name = "Pods-Trombi.release.xcconfig"; path = "Pods/Target Support Files/Pods-Trombi/Pods-Trombi.release.xcconfig"; sourceTree = "<group>"; };
/* End PBXFileReference section */

/* Begin PBXFrameworksBuildPhase section */
		4BA3CFAC21A6DA6E003358E6 /* Frameworks */ = {
			isa = PBXFrameworksBuildPhase;
			buildActionMask = 2147483647;
			files = (
				FE975D3EDB857291C4B33C91 /* libPods-Trombi.a in Frameworks */,
			);
			runOnlyForDeploymentPostprocessing = 0;
		};
/* End PBXFrameworksBuildPhase section */

/* Begin PBXGroup section */
		4BA3CFA621A6DA6E003358E6 = {
			isa = PBXGroup;
			children = (
				4BA3CFB121A6DA6E003358E6 /* Trombi */,
				4BA3CFB021A6DA6E003358E6 /* Products */,
				92B1D4A8E0F82941C3F59AA4 /* Pods */,
				BB02F9D70BF22F699EDFE6C2 /* Frameworks */,
			);
			sourceTree = "<group>";
		};
		4BA3CFB021A6DA6E003358E6 /* Products */ = {
			isa = PBXGroup;
			children = (
				4BA3CFAF21A6DA6E003358E6 /* Trombi.app */,
			);
			name = Products;
			sourceTree = "<group>";
		};
		4BA3CFB121A6DA6E003358E6 /* Trombi */ = {
			isa = PBXGroup;
			children = (
				9DF9590121B2F248005F024E /* Application */,
				9DE90CCA21A9F9C300AF8DF3 /* Common */,
				9D29BBFC21D25EEF00EDBCA0 /* Resources */,
				9D52BAF121F1FE9400962C4D /* 3rdParty */,
				4BA3CFBE21A6DA6F003358E6 /* Info.plist */,
			);
			path = Trombi;
			sourceTree = "<group>";
		};
		92B1D4A8E0F82941C3F59AA4 /* Pods */ = {
			isa = PBXGroup;
			children = (
				BBDA1B0C183DCF3EAE7FA4F1 /* Pods-Trombi.debug.xcconfig */,
				E4FBF017B55BED3E63668F77 /* Pods-Trombi.release.xcconfig */,
			);
			name = Pods;
			sourceTree = "<group>";
		};
		9D2071D623B147D500082181 /* UsefulLinks */ = {
			isa = PBXGroup;
			children = (
				9D2071D723B1481800082181 /* UsefulLinks.storyboard */,
				9D2071DB23B1484A00082181 /* UsefulLinksViewViewModel.swift */,
				9D2071DD23B1487600082181 /* UsefulLinksViewController.swift */,
			);
			path = UsefulLinks;
			sourceTree = "<group>";
		};
		9D29BBFC21D25EEF00EDBCA0 /* Resources */ = {
			isa = PBXGroup;
			children = (
				4BA3CFB921A6DA6F003358E6 /* Assets.xcassets */,
				9D29BBFE21D2604000EDBCA0 /* Muli-Bold.ttf */,
				9D29BBFD21D2604000EDBCA0 /* Muli-ExtraBold.ttf */,
				9D29BBFF21D2604000EDBCA0 /* Muli-SemiBold.ttf */,
			);
			path = Resources;
			sourceTree = SOURCE_ROOT;
		};
		9D3D0C3E233FB9C200CF2590 /* Views */ = {
			isa = PBXGroup;
			children = (
				9D3D0C3F233FBA2A00CF2590 /* TrombiSearchBar.swift */,
				9D128259234129C100261AB6 /* EmployeeSearchTableViewCell.swift */,
				9D128258234129C000261AB6 /* EmployeeSearchTableViewCell.xib */,
				9DA1BBB023A66DCF0032E6CD /* LastSearchTableViewCell.swift */,
				9DA1BBB123A66DCF0032E6CD /* LastSearchTableViewCell.xib */,
			);
			path = Views;
			sourceTree = "<group>";
		};
		9D52BAF121F1FE9400962C4D /* 3rdParty */ = {
			isa = PBXGroup;
			children = (
				9D52BAF221F1FF3E00962C4D /* TagCellLayout */,
			);
			path = 3rdParty;
			sourceTree = "<group>";
		};
		9D52BAF221F1FF3E00962C4D /* TagCellLayout */ = {
			isa = PBXGroup;
			children = (
				9D52BAF421F1FF5700962C4D /* LayoutAlignment.swift */,
				9D52BAF321F1FF5700962C4D /* LayoutInfo.swift */,
				9D52BAF621F1FF5700962C4D /* TagCellLayout.swift */,
				9D52BAF521F1FF5700962C4D /* TagCellLayoutDelegate.swift */,
			);
			path = TagCellLayout;
			sourceTree = "<group>";
		};
		9D52BAFE21F2034100962C4D /* Filters */ = {
			isa = PBXGroup;
			children = (
				9D52BB0C21F2036F00962C4D /* Views */,
				9D52BB1421F2036F00962C4D /* FiltersViewController.swift */,
				9D8E92E821F38197004B8E9E /* FiltersViewViewModel.swift */,
				9D52BB0421F2036F00962C4D /* FiltersPresentationController.swift */,
				9D52BB0521F2036F00962C4D /* FiltersPresentTransitionAnimation.swift */,
				9D52BB1D21F2036F00962C4D /* FiltersPanelViewController.swift */,
			);
			path = Filters;
			sourceTree = "<group>";
		};
		9D52BB0C21F2036F00962C4D /* Views */ = {
			isa = PBXGroup;
			children = (
				9D52BB1021F2036F00962C4D /* FiltersCollectionViewHeader.xib */,
				9D8E92EC21F3CDC2004B8E9E /* DepartmentTagCollectionViewCell.swift */,
				9D8E92ED21F3CDC2004B8E9E /* DepartmentTagCollectionViewCell.xib */,
				9DCF1FD121FD09BA00605CB3 /* OtherTagCollectionViewCell.swift */,
				9DCF1FD221FD09BA00605CB3 /* OtherTagCollectionViewCell.xib */,
				9DF0A5832214C3E700358A3E /* TagCellViewModel.swift */,
			);
			path = Views;
			sourceTree = "<group>";
		};
		9D5429DE23AFE49C000C3721 /* Structures */ = {
			isa = PBXGroup;
			children = (
				9D5429DF23AFE4AA000C3721 /* Stack.swift */,
			);
			path = Structures;
			sourceTree = "<group>";
		};
		9D59316023119635004448A2 /* Search */ = {
			isa = PBXGroup;
			children = (
				9D3D0C3E233FB9C200CF2590 /* Views */,
				9D59316123119668004448A2 /* SearchViewController.swift */,
				9D59316323119699004448A2 /* SearchViewViewModel.swift */,
				9D3D0C41233FC7E000CF2590 /* TrombiSearchBarController.swift */,
				9D5931652311A11D004448A2 /* Search.storyboard */,
				9D9E7774236795FF0075FD25 /* SearchService.swift */,
			);
			path = Search;
			sourceTree = "<group>";
		};
		9D69B61E22A5B6B6008ED9B5 /* ViewModels */ = {
			isa = PBXGroup;
			children = (
				9D69B61F22A5B6F1008ED9B5 /* EmployeeSectionModel.swift */,
			);
			path = ViewModels;
			sourceTree = "<group>";
		};
		9D92F22C2228A179005C605B /* Views */ = {
			isa = PBXGroup;
			children = (
				9D92F22D2228A187005C605B /* TrombiTopRoundedView.swift */,
				9DFB774622292A9A00160540 /* CircleImageView.swift */,
				9D83E3162235774A0042DC0B /* CircleView.swift */,
			);
			path = Views;
			sourceTree = "<group>";
		};
		9DAC757421BC3BE700BA791D /* MainTabBar */ = {
			isa = PBXGroup;
			children = (
				9DAC757521BC3C7800BA791D /* MainTabBarViewController.swift */,
				9DAC758B21BC4C2F00BA791D /* MainTabBarViewViewModel.swift */,
			);
			path = MainTabBar;
			sourceTree = "<group>";
		};
		9DAC757921BC3EF100BA791D /* Extenstions */ = {
			isa = PBXGroup;
			children = (
				9DAC757B21BC409400BA791D /* UIStoryboard+StoryboardsList.swift */,
				9DAC757A21BC409400BA791D /* UIViewController+Storyboards.swift */,
				9DAC758221BC458900BA791D /* UITableView+dequeueReusableCell.swift */,
				9D06DDBA21CEA32C0006E676 /* UICollectionView+dequeueReusableCell.swift */,
				9DAC758021BC453500BA791D /* ReusableView.swift */,
				9D3967B321CEE07A0087CEA7 /* UIColor+Trombi.swift */,
				9DBA8CA421D2640A009FF7B5 /* UIFont+Trombi.swift */,
				9D3967B721CEE12E0087CEA7 /* UIColor+Convenience.swift */,
				9D8E92E421F35A6F004B8E9E /* UIView+RoundCorners.swift */,
				9D1C06B02308642600D20470 /* JSONDecoder+TrombiAPI.swift */,
				9D5278C523A652E300C9C8DC /* UserDefaults+Trombi.swift */,
			);
			path = Extenstions;
			sourceTree = "<group>";
		};
		9DAC758421BC463C00BA791D /* Views */ = {
			isa = PBXGroup;
			children = (
				9D15A8DD22BFE0FF007E1C73 /* EmployeesCollectionViewHeader.xib */,
				9D55DF5621C9205C009A983F /* EmployeeCollectionViewCell.swift */,
				9D55DF5721C9205C009A983F /* EmployeeCollectionViewCell.xib */,
			);
			path = Views;
			sourceTree = "<group>";
		};
		9DC2835322103EB80024263A /* UserProfile */ = {
			isa = PBXGroup;
			children = (
				9DC2835422103EEF0024263A /* EmployeeProfileViewController.swift */,
				9DC28356221041B80024263A /* UserInfoTableViewCell.swift */,
				9DC28357221041B80024263A /* UserInfoTableViewCell.xib */,
			);
			path = UserProfile;
			sourceTree = "<group>";
		};
		9DE90CCA21A9F9C300AF8DF3 /* Common */ = {
			isa = PBXGroup;
			children = (
				9D5429DE23AFE49C000C3721 /* Structures */,
				9D92F22C2228A179005C605B /* Views */,
				9DAC757921BC3EF100BA791D /* Extenstions */,
				9DE90CCB21A9FA6900AF8DF3 /* Network */,
			);
			path = Common;
			sourceTree = "<group>";
		};
		9DE90CCB21A9FA6900AF8DF3 /* Network */ = {
			isa = PBXGroup;
			children = (
				9DE90CCC21A9FB5400AF8DF3 /* TrombiApiRequests.swift */,
				9D110BA421B5E91200AB0A36 /* TrombiAPI.swift */,
			);
			name = Network;
			path = Services/Network;
			sourceTree = "<group>";
		};
		9DF9590121B2F248005F024E /* Application */ = {
			isa = PBXGroup;
			children = (
				4BA3CFBB21A6DA6F003358E6 /* LaunchScreen.storyboard */,
				4BA3CFB221A6DA6E003358E6 /* AppDelegate.swift */,
				4BA3CFB621A6DA6E003358E6 /* Main.storyboard */,
				9DF9590421B2F459005F024E /* Modules */,
				9DF9590221B2F25B005F024E /* Models */,
			);
			name = Application;
			path = Trombi/Application;
			sourceTree = SOURCE_ROOT;
		};
		9DF9590221B2F25B005F024E /* Models */ = {
			isa = PBXGroup;
			children = (
				9DAFB58A21B332CC0038C680 /* Employee.swift */,
				9DAFB58B21B332CC0038C680 /* Team.swift */,
				9DAFB58921B332CC0038C680 /* UsefulLink.swift */,
				9DAC759621BC6B0600BA791D /* ApplicationData.swift */,
			);
			path = Models;
			sourceTree = "<group>";
		};
		9DF9590421B2F459005F024E /* Modules */ = {
			isa = PBXGroup;
			children = (
				9D2071D623B147D500082181 /* UsefulLinks */,
				9DC2835322103EB80024263A /* UserProfile */,
				9DAC757421BC3BE700BA791D /* MainTabBar */,
				9DF9590521B2F459005F024E /* Home */,
			);
			path = Modules;
			sourceTree = "<group>";
		};
		9DF9590521B2F459005F024E /* Home */ = {
			isa = PBXGroup;
			children = (
				9D59316023119635004448A2 /* Search */,
				9D52BAFE21F2034100962C4D /* Filters */,
				9DAC758421BC463C00BA791D /* Views */,
				9D69B61E22A5B6B6008ED9B5 /* ViewModels */,
				9DF9590821B2F74E005F024E /* HomeViewController.swift */,
				9DAC758921BC4B3000BA791D /* HomeViewViewModel.swift */,
				9D1D067521C9950A00B2A56A /* EmployeeSearchViewController.swift */,
				9DAC757721BC3C9700BA791D /* Home.storyboard */,
			);
			path = Home;
			sourceTree = "<group>";
		};
		BB02F9D70BF22F699EDFE6C2 /* Frameworks */ = {
			isa = PBXGroup;
			children = (
				52A3D3B164CBEE12469D7207 /* libPods-Trombi.a */,
			);
			name = Frameworks;
			sourceTree = "<group>";
		};
/* End PBXGroup section */

/* Begin PBXNativeTarget section */
		4BA3CFAE21A6DA6E003358E6 /* Trombi */ = {
			isa = PBXNativeTarget;
			buildConfigurationList = 4BA3CFC121A6DA6F003358E6 /* Build configuration list for PBXNativeTarget "Trombi" */;
			buildPhases = (
				AB395DE11C586C9FD745E94C /* [CP] Check Pods Manifest.lock */,
				4BA3CFAB21A6DA6E003358E6 /* Sources */,
				4BA3CFAC21A6DA6E003358E6 /* Frameworks */,
				4BA3CFAD21A6DA6E003358E6 /* Resources */,
				9D57279121B2D5B100F9AC38 /* Swiftlint run script */,
			);
			buildRules = (
			);
			dependencies = (
			);
			name = Trombi;
			productName = Trombi;
			productReference = 4BA3CFAF21A6DA6E003358E6 /* Trombi.app */;
			productType = "com.apple.product-type.application";
		};
/* End PBXNativeTarget section */

/* Begin PBXProject section */
		4BA3CFA721A6DA6E003358E6 /* Project object */ = {
			isa = PBXProject;
			attributes = {
				LastSwiftUpdateCheck = 1010;
				LastUpgradeCheck = 1010;
				ORGANIZATIONNAME = "Christian Rusin ";
				TargetAttributes = {
					4BA3CFAE21A6DA6E003358E6 = {
						CreatedOnToolsVersion = 10.1;
					};
				};
			};
			buildConfigurationList = 4BA3CFAA21A6DA6E003358E6 /* Build configuration list for PBXProject "Trombi" */;
			compatibilityVersion = "Xcode 9.3";
			developmentRegion = en;
			hasScannedForEncodings = 0;
			knownRegions = (
				en,
				Base,
				de,
				es,
				it,
				pl,
				fr,
				nl,
				"pt-PT",
			);
			mainGroup = 4BA3CFA621A6DA6E003358E6;
			productRefGroup = 4BA3CFB021A6DA6E003358E6 /* Products */;
			projectDirPath = "";
			projectRoot = "";
			targets = (
				4BA3CFAE21A6DA6E003358E6 /* Trombi */,
			);
		};
/* End PBXProject section */

/* Begin PBXResourcesBuildPhase section */
		4BA3CFAD21A6DA6E003358E6 /* Resources */ = {
			isa = PBXResourcesBuildPhase;
			buildActionMask = 2147483647;
			files = (
				9DC28359221041B80024263A /* UserInfoTableViewCell.xib in Resources */,
				9DEEF2EF21D2694000509063 /* Muli-SemiBold.ttf in Resources */,
				9D2071D823B1481800082181 /* UsefulLinks.storyboard in Resources */,
				4BA3CFBD21A6DA6F003358E6 /* LaunchScreen.storyboard in Resources */,
				9D15A8DE22BFE0FF007E1C73 /* EmployeesCollectionViewHeader.xib in Resources */,
				9D5931662311A11D004448A2 /* Search.storyboard in Resources */,
				4BA3CFBA21A6DA6F003358E6 /* Assets.xcassets in Resources */,
				9D12825A234129C100261AB6 /* EmployeeSearchTableViewCell.xib in Resources */,
				9DCF1FD421FD09BA00605CB3 /* OtherTagCollectionViewCell.xib in Resources */,
				9DAC757821BC3C9700BA791D /* Home.storyboard in Resources */,
				9DA1BBB323A66DCF0032E6CD /* LastSearchTableViewCell.xib in Resources */,
				9D52BB2F21F2036F00962C4D /* FiltersCollectionViewHeader.xib in Resources */,
				9D55DF5921C9205C009A983F /* EmployeeCollectionViewCell.xib in Resources */,
				9D8E92EF21F3CDC2004B8E9E /* DepartmentTagCollectionViewCell.xib in Resources */,
				9DEEF2ED21D2693B00509063 /* Muli-Bold.ttf in Resources */,
				4BA3CFB821A6DA6E003358E6 /* Main.storyboard in Resources */,
				9DEEF2EE21D2693E00509063 /* Muli-ExtraBold.ttf in Resources */,
			);
			runOnlyForDeploymentPostprocessing = 0;
		};
/* End PBXResourcesBuildPhase section */

/* Begin PBXShellScriptBuildPhase section */
		9D57279121B2D5B100F9AC38 /* Swiftlint run script */ = {
			isa = PBXShellScriptBuildPhase;
			buildActionMask = 2147483647;
			files = (
			);
			inputFileListPaths = (
			);
			inputPaths = (
			);
			name = "Swiftlint run script";
			outputFileListPaths = (
			);
			outputPaths = (
			);
			runOnlyForDeploymentPostprocessing = 0;
			shellPath = /bin/sh;
			shellScript = "if which swiftlint >/dev/null; then\nswiftlint autocorrect --config \".swiftlint.auto.yml\"\nswiftlint\nelse\necho \"warning: SwiftLint not installed, download from https://github.com/realm/SwiftLint\"\nfi\n";
		};
		AB395DE11C586C9FD745E94C /* [CP] Check Pods Manifest.lock */ = {
			isa = PBXShellScriptBuildPhase;
			buildActionMask = 2147483647;
			files = (
			);
			inputFileListPaths = (
			);
			inputPaths = (
				"${PODS_PODFILE_DIR_PATH}/Podfile.lock",
				"${PODS_ROOT}/Manifest.lock",
			);
			name = "[CP] Check Pods Manifest.lock";
			outputFileListPaths = (
			);
			outputPaths = (
				"$(DERIVED_FILE_DIR)/Pods-Trombi-checkManifestLockResult.txt",
			);
			runOnlyForDeploymentPostprocessing = 0;
			shellPath = /bin/sh;
			shellScript = "diff \"${PODS_PODFILE_DIR_PATH}/Podfile.lock\" \"${PODS_ROOT}/Manifest.lock\" > /dev/null\nif [ $? != 0 ] ; then\n    # print error to STDERR\n    echo \"error: The sandbox is not in sync with the Podfile.lock. Run 'pod install' or update your CocoaPods installation.\" >&2\n    exit 1\nfi\n# This output is used by Xcode 'outputs' to avoid re-running this script phase.\necho \"SUCCESS\" > \"${SCRIPT_OUTPUT_FILE_0}\"\n";
			showEnvVarsInLog = 0;
		};
/* End PBXShellScriptBuildPhase section */

/* Begin PBXSourcesBuildPhase section */
		4BA3CFAB21A6DA6E003358E6 /* Sources */ = {
			isa = PBXSourcesBuildPhase;
			buildActionMask = 2147483647;
			files = (
				9DAFB58E21B332CC0038C680 /* Team.swift in Sources */,
				9DFB774722292A9A00160540 /* CircleImageView.swift in Sources */,
				9DC2835522103EEF0024263A /* EmployeeProfileViewController.swift in Sources */,
				9D5278C623A652E300C9C8DC /* UserDefaults+Trombi.swift in Sources */,
				9D55DF5821C9205C009A983F /* EmployeeCollectionViewCell.swift in Sources */,
				9D1D067621C9950A00B2A56A /* EmployeeSearchViewController.swift in Sources */,
				9D52BB2821F2036F00962C4D /* FiltersPresentTransitionAnimation.swift in Sources */,
				9D52BAF921F1FF5700962C4D /* TagCellLayoutDelegate.swift in Sources */,
				9DAC757621BC3C7800BA791D /* MainTabBarViewController.swift in Sources */,
				9DAC757C21BC409400BA791D /* UIViewController+Storyboards.swift in Sources */,
				9D52BB2721F2036F00962C4D /* FiltersPresentationController.swift in Sources */,
				9D83E3172235774A0042DC0B /* CircleView.swift in Sources */,
				9DC28358221041B80024263A /* UserInfoTableViewCell.swift in Sources */,
				9DE90CCD21A9FB5400AF8DF3 /* TrombiApiRequests.swift in Sources */,
				9D12825B234129C100261AB6 /* EmployeeSearchTableViewCell.swift in Sources */,
				9DAC758121BC453500BA791D /* ReusableView.swift in Sources */,
				9D5429E023AFE4AA000C3721 /* Stack.swift in Sources */,
				9D69B62022A5B6F1008ED9B5 /* EmployeeSectionModel.swift in Sources */,
				9D59316223119668004448A2 /* SearchViewController.swift in Sources */,
				9D3D0C42233FC7E000CF2590 /* TrombiSearchBarController.swift in Sources */,
				9D8E92E521F35A6F004B8E9E /* UIView+RoundCorners.swift in Sources */,
				9D2071DC23B1484A00082181 /* UsefulLinksViewViewModel.swift in Sources */,
				9D52BAF721F1FF5700962C4D /* LayoutInfo.swift in Sources */,
				9D52BB3321F2036F00962C4D /* FiltersViewController.swift in Sources */,
				9D3967B421CEE07A0087CEA7 /* UIColor+Trombi.swift in Sources */,
				9D3967B821CEE12E0087CEA7 /* UIColor+Convenience.swift in Sources */,
				9D2071DE23B1487600082181 /* UsefulLinksViewController.swift in Sources */,
				9DBA8CA521D2640A009FF7B5 /* UIFont+Trombi.swift in Sources */,
				9DAC758321BC458900BA791D /* UITableView+dequeueReusableCell.swift in Sources */,
				9DAFB58C21B332CC0038C680 /* UsefulLink.swift in Sources */,
				9D9E7775236795FF0075FD25 /* SearchService.swift in Sources */,
				9D8E92EE21F3CDC2004B8E9E /* DepartmentTagCollectionViewCell.swift in Sources */,
				9D06DDBB21CEA32C0006E676 /* UICollectionView+dequeueReusableCell.swift in Sources */,
				9D52BB3921F2036F00962C4D /* FiltersPanelViewController.swift in Sources */,
				9D1C06B12308642600D20470 /* JSONDecoder+TrombiAPI.swift in Sources */,
				9DF9590921B2F74E005F024E /* HomeViewController.swift in Sources */,
				9DAC757D21BC409400BA791D /* UIStoryboard+StoryboardsList.swift in Sources */,
				9DAC758C21BC4C2F00BA791D /* MainTabBarViewViewModel.swift in Sources */,
				9D52BAF821F1FF5700962C4D /* LayoutAlignment.swift in Sources */,
				9DAC759721BC6B0600BA791D /* ApplicationData.swift in Sources */,
				9DAFB58D21B332CC0038C680 /* Employee.swift in Sources */,
				9D110BA521B5E91200AB0A36 /* TrombiAPI.swift in Sources */,
				9D3D0C40233FBA2A00CF2590 /* TrombiSearchBar.swift in Sources */,
				9DA1BBB223A66DCF0032E6CD /* LastSearchTableViewCell.swift in Sources */,
				9D52BAFA21F1FF5700962C4D /* TagCellLayout.swift in Sources */,
				9D8E92E921F38197004B8E9E /* FiltersViewViewModel.swift in Sources */,
				9DCF1FD321FD09BA00605CB3 /* OtherTagCollectionViewCell.swift in Sources */,
				9DF0A5842214C3E700358A3E /* TagCellViewModel.swift in Sources */,
				4BA3CFB321A6DA6E003358E6 /* AppDelegate.swift in Sources */,
				9D59316423119699004448A2 /* SearchViewViewModel.swift in Sources */,
				9D92F22E2228A187005C605B /* TrombiTopRoundedView.swift in Sources */,
				9DAC758A21BC4B3000BA791D /* HomeViewViewModel.swift in Sources */,
			);
			runOnlyForDeploymentPostprocessing = 0;
		};
/* End PBXSourcesBuildPhase section */

/* Begin PBXVariantGroup section */
		4BA3CFB621A6DA6E003358E6 /* Main.storyboard */ = {
			isa = PBXVariantGroup;
			children = (
				4BA3CFB721A6DA6E003358E6 /* Base */,
			);
			name = Main.storyboard;
			sourceTree = "<group>";
		};
		4BA3CFBB21A6DA6F003358E6 /* LaunchScreen.storyboard */ = {
			isa = PBXVariantGroup;
			children = (
				4BA3CFBC21A6DA6F003358E6 /* Base */,
			);
			name = LaunchScreen.storyboard;
			sourceTree = "<group>";
		};
/* End PBXVariantGroup section */

/* Begin XCBuildConfiguration section */
		4BA3CFBF21A6DA6F003358E6 /* Debug */ = {
			isa = XCBuildConfiguration;
			buildSettings = {
				ALWAYS_SEARCH_USER_PATHS = NO;
				CLANG_ANALYZER_NONNULL = YES;
				CLANG_ANALYZER_NUMBER_OBJECT_CONVERSION = YES_AGGRESSIVE;
				CLANG_CXX_LANGUAGE_STANDARD = "gnu++14";
				CLANG_CXX_LIBRARY = "libc++";
				CLANG_ENABLE_MODULES = YES;
				CLANG_ENABLE_OBJC_ARC = YES;
				CLANG_ENABLE_OBJC_WEAK = YES;
				CLANG_WARN_BLOCK_CAPTURE_AUTORELEASING = YES;
				CLANG_WARN_BOOL_CONVERSION = YES;
				CLANG_WARN_COMMA = YES;
				CLANG_WARN_CONSTANT_CONVERSION = YES;
				CLANG_WARN_DEPRECATED_OBJC_IMPLEMENTATIONS = YES;
				CLANG_WARN_DIRECT_OBJC_ISA_USAGE = YES_ERROR;
				CLANG_WARN_DOCUMENTATION_COMMENTS = YES;
				CLANG_WARN_EMPTY_BODY = YES;
				CLANG_WARN_ENUM_CONVERSION = YES;
				CLANG_WARN_INFINITE_RECURSION = YES;
				CLANG_WARN_INT_CONVERSION = YES;
				CLANG_WARN_NON_LITERAL_NULL_CONVERSION = YES;
				CLANG_WARN_OBJC_IMPLICIT_RETAIN_SELF = YES;
				CLANG_WARN_OBJC_LITERAL_CONVERSION = YES;
				CLANG_WARN_OBJC_ROOT_CLASS = YES_ERROR;
				CLANG_WARN_RANGE_LOOP_ANALYSIS = YES;
				CLANG_WARN_STRICT_PROTOTYPES = YES;
				CLANG_WARN_SUSPICIOUS_MOVE = YES;
				CLANG_WARN_UNGUARDED_AVAILABILITY = YES_AGGRESSIVE;
				CLANG_WARN_UNREACHABLE_CODE = YES;
				CLANG_WARN__DUPLICATE_METHOD_MATCH = YES;
				CODE_SIGN_IDENTITY = "iPhone Developer";
				COPY_PHASE_STRIP = NO;
				DEBUG_INFORMATION_FORMAT = dwarf;
				ENABLE_STRICT_OBJC_MSGSEND = YES;
				ENABLE_TESTABILITY = YES;
				GCC_C_LANGUAGE_STANDARD = gnu11;
				GCC_DYNAMIC_NO_PIC = NO;
				GCC_NO_COMMON_BLOCKS = YES;
				GCC_OPTIMIZATION_LEVEL = 0;
				GCC_PREPROCESSOR_DEFINITIONS = (
					"DEBUG=1",
					"$(inherited)",
				);
				GCC_WARN_64_TO_32_BIT_CONVERSION = YES;
				GCC_WARN_ABOUT_RETURN_TYPE = YES_ERROR;
				GCC_WARN_UNDECLARED_SELECTOR = YES;
				GCC_WARN_UNINITIALIZED_AUTOS = YES_AGGRESSIVE;
				GCC_WARN_UNUSED_FUNCTION = YES;
				GCC_WARN_UNUSED_VARIABLE = YES;
				IPHONEOS_DEPLOYMENT_TARGET = 12.1;
				MTL_ENABLE_DEBUG_INFO = INCLUDE_SOURCE;
				MTL_FAST_MATH = YES;
				ONLY_ACTIVE_ARCH = YES;
				SDKROOT = iphoneos;
				SWIFT_ACTIVE_COMPILATION_CONDITIONS = DEBUG;
				SWIFT_OPTIMIZATION_LEVEL = "-Onone";
			};
			name = Debug;
		};
		4BA3CFC021A6DA6F003358E6 /* Release */ = {
			isa = XCBuildConfiguration;
			buildSettings = {
				ALWAYS_SEARCH_USER_PATHS = NO;
				CLANG_ANALYZER_NONNULL = YES;
				CLANG_ANALYZER_NUMBER_OBJECT_CONVERSION = YES_AGGRESSIVE;
				CLANG_CXX_LANGUAGE_STANDARD = "gnu++14";
				CLANG_CXX_LIBRARY = "libc++";
				CLANG_ENABLE_MODULES = YES;
				CLANG_ENABLE_OBJC_ARC = YES;
				CLANG_ENABLE_OBJC_WEAK = YES;
				CLANG_WARN_BLOCK_CAPTURE_AUTORELEASING = YES;
				CLANG_WARN_BOOL_CONVERSION = YES;
				CLANG_WARN_COMMA = YES;
				CLANG_WARN_CONSTANT_CONVERSION = YES;
				CLANG_WARN_DEPRECATED_OBJC_IMPLEMENTATIONS = YES;
				CLANG_WARN_DIRECT_OBJC_ISA_USAGE = YES_ERROR;
				CLANG_WARN_DOCUMENTATION_COMMENTS = YES;
				CLANG_WARN_EMPTY_BODY = YES;
				CLANG_WARN_ENUM_CONVERSION = YES;
				CLANG_WARN_INFINITE_RECURSION = YES;
				CLANG_WARN_INT_CONVERSION = YES;
				CLANG_WARN_NON_LITERAL_NULL_CONVERSION = YES;
				CLANG_WARN_OBJC_IMPLICIT_RETAIN_SELF = YES;
				CLANG_WARN_OBJC_LITERAL_CONVERSION = YES;
				CLANG_WARN_OBJC_ROOT_CLASS = YES_ERROR;
				CLANG_WARN_RANGE_LOOP_ANALYSIS = YES;
				CLANG_WARN_STRICT_PROTOTYPES = YES;
				CLANG_WARN_SUSPICIOUS_MOVE = YES;
				CLANG_WARN_UNGUARDED_AVAILABILITY = YES_AGGRESSIVE;
				CLANG_WARN_UNREACHABLE_CODE = YES;
				CLANG_WARN__DUPLICATE_METHOD_MATCH = YES;
				CODE_SIGN_IDENTITY = "iPhone Developer";
				COPY_PHASE_STRIP = NO;
				DEBUG_INFORMATION_FORMAT = "dwarf-with-dsym";
				ENABLE_NS_ASSERTIONS = NO;
				ENABLE_STRICT_OBJC_MSGSEND = YES;
				GCC_C_LANGUAGE_STANDARD = gnu11;
				GCC_NO_COMMON_BLOCKS = YES;
				GCC_WARN_64_TO_32_BIT_CONVERSION = YES;
				GCC_WARN_ABOUT_RETURN_TYPE = YES_ERROR;
				GCC_WARN_UNDECLARED_SELECTOR = YES;
				GCC_WARN_UNINITIALIZED_AUTOS = YES_AGGRESSIVE;
				GCC_WARN_UNUSED_FUNCTION = YES;
				GCC_WARN_UNUSED_VARIABLE = YES;
				IPHONEOS_DEPLOYMENT_TARGET = 12.1;
				MTL_ENABLE_DEBUG_INFO = NO;
				MTL_FAST_MATH = YES;
				SDKROOT = iphoneos;
				SWIFT_COMPILATION_MODE = wholemodule;
				SWIFT_OPTIMIZATION_LEVEL = "-O";
				VALIDATE_PRODUCT = YES;
			};
			name = Release;
		};
		4BA3CFC221A6DA6F003358E6 /* Debug */ = {
			isa = XCBuildConfiguration;
			baseConfigurationReference = BBDA1B0C183DCF3EAE7FA4F1 /* Pods-Trombi.debug.xcconfig */;
			buildSettings = {
				ASSETCATALOG_COMPILER_APPICON_NAME = AppIcon;
				CODE_SIGN_STYLE = Automatic;
				DEVELOPMENT_TEAM = H3C7AJLC6V;
				INFOPLIST_FILE = Trombi/Info.plist;
				IPHONEOS_DEPLOYMENT_TARGET = 11.0;
				LD_RUNPATH_SEARCH_PATHS = (
					"$(inherited)",
					"@executable_path/Frameworks",
				);
				PRODUCT_BUNDLE_IDENTIFIER = ChristianRusin.Trombi;
				PRODUCT_NAME = "$(TARGET_NAME)";
				SWIFT_VERSION = 4.2;
				TARGETED_DEVICE_FAMILY = "1,2";
			};
			name = Debug;
		};
		4BA3CFC321A6DA6F003358E6 /* Release */ = {
			isa = XCBuildConfiguration;
			baseConfigurationReference = E4FBF017B55BED3E63668F77 /* Pods-Trombi.release.xcconfig */;
			buildSettings = {
				ASSETCATALOG_COMPILER_APPICON_NAME = AppIcon;
				CODE_SIGN_STYLE = Automatic;
				DEVELOPMENT_TEAM = H3C7AJLC6V;
				INFOPLIST_FILE = Trombi/Info.plist;
				IPHONEOS_DEPLOYMENT_TARGET = 11.0;
				LD_RUNPATH_SEARCH_PATHS = (
					"$(inherited)",
					"@executable_path/Frameworks",
				);
				PRODUCT_BUNDLE_IDENTIFIER = ChristianRusin.Trombi;
				PRODUCT_NAME = "$(TARGET_NAME)";
				SWIFT_VERSION = 4.2;
				TARGETED_DEVICE_FAMILY = "1,2";
			};
			name = Release;
		};
/* End XCBuildConfiguration section */

/* Begin XCConfigurationList section */
		4BA3CFAA21A6DA6E003358E6 /* Build configuration list for PBXProject "Trombi" */ = {
			isa = XCConfigurationList;
			buildConfigurations = (
				4BA3CFBF21A6DA6F003358E6 /* Debug */,
				4BA3CFC021A6DA6F003358E6 /* Release */,
			);
			defaultConfigurationIsVisible = 0;
			defaultConfigurationName = Release;
		};
		4BA3CFC121A6DA6F003358E6 /* Build configuration list for PBXNativeTarget "Trombi" */ = {
			isa = XCConfigurationList;
			buildConfigurations = (
				4BA3CFC221A6DA6F003358E6 /* Debug */,
				4BA3CFC321A6DA6F003358E6 /* Release */,
			);
			defaultConfigurationIsVisible = 0;
			defaultConfigurationName = Release;
		};
/* End XCConfigurationList section */
	};
	rootObject = 4BA3CFA721A6DA6E003358E6 /* Project object */;
}
